Microsoft Visual Studio Solution File, Format Version 12.00
# Visual Studio Version 17
VisualStudioVersion = 17.5.2.0
MinimumVisualStudioVersion = 10.0.40219.1
Project("{FAE04EC0-301F-11D3-BF4B-00C04F79EFBC}") = "asp_login", "asp_login.csproj", "{059DE861-6F31-85F1-ACE7-979A0D669625}"
EndProject
Global
	GlobalSection(SolutionConfigurationPlatforms) = preSolution
		Debug|Any CPU = Debug|Any CPU
		Release|Any CPU = Release|Any CPU
	EndGlobalSection
	GlobalSection(ProjectConfigurationPlatforms) = postSolution
		{059DE861-6F31-85F1-ACE7-979A0D669625}.Debug|Any CPU.ActiveCfg = Debug|Any CPU
		{059DE861-6F31-85F1-ACE7-979A0D669625}.Debug|Any CPU.Build.0 = Debug|Any CPU
		{059DE861-6F31-85F1-ACE7-979A0D669625}.Release|Any CPU.ActiveCfg = Release|Any CPU
		{059DE861-6F31-85F1-ACE7-979A0D669625}.Release|Any CPU.Build.0 = Release|Any CPU
	EndGlobalSection
	GlobalSection(SolutionProperties) = preSolution
		HideSolutionNode = FALSE
	EndGlobalSection
	GlobalSection(ExtensibilityGlobals) = postSolution
		SolutionGuid = {3CDD1161-3275-4B28-A0C1-53DFC9325827}
	EndGlobalSection
EndGlobal
